
Microsoft Visual Studio Solution File, Format Version 12.00
# Visual Studio Version 17
VisualStudioVersion = 17.11.35208.52
MinimumVisualStudioVersion = 10.0.40219.1
Project("{FAE04EC0-301F-11D3-BF4B-00C04F79EFBC}") = "Project 1", "Project 1\Project 1.csproj", "{3621F563-E361-49E5-A71C-B9971AE9AFFB}"
EndProject
Global
	GlobalSection(SolutionConfigurationPlatforms) = preSolution
		Debug|Any CPU = Debug|Any CPU
		Release|Any CPU = Release|Any CPU
	EndGlobalSection
	GlobalSection(ProjectConfigurationPlatforms) = postSolution
		{3621F563-E361-49E5-A71C-B9971AE9AFFB}.Debug|Any CPU.ActiveCfg = Debug|Any CPU
		{3621F563-E361-49E5-A71C-B9971AE9AFFB}.Debug|Any CPU.Build.0 = Debug|Any CPU
		{3621F563-E361-49E5-A71C-B9971AE9AFFB}.Release|Any CPU.ActiveCfg = Release|Any CPU
		{3621F563-E361-49E5-A71C-B9971AE9AFFB}.Release|Any CPU.Build.0 = Release|Any CPU
	EndGlobalSection
	GlobalSection(SolutionProperties) = preSolution
		HideSolutionNode = FALSE
	EndGlobalSection
	GlobalSection(ExtensibilityGlobals) = postSolution
		SolutionGuid = {ECE29C36-1C67-4DA3-B371-B7ECA36BF690}
	EndGlobalSection
EndGlobal
